// !$*UTF8*$!
{
	archiveVersion = 1;
	classes = {
	};
	objectVersion = 46;
	objects = {

/* Begin PBXBuildFile section */
		6C478F3C1B4EF36000A10A4D /* AppDelegate.swift in Sources */ = {isa = PBXBuildFile; fileRef = 6C478F3B1B4EF36000A10A4D /* AppDelegate.swift */; };
		6C478F3E1B4EF36000A10A4D /* ViewController.swift in Sources */ = {isa = PBXBuildFile; fileRef = 6C478F3D1B4EF36000A10A4D /* ViewController.swift */; };
		6C478F411B4EF36000A10A4D /* Main.storyboard in Resources */ = {isa = PBXBuildFile; fileRef = 6C478F3F1B4EF36000A10A4D /* Main.storyboard */; };
		6C478F431B4EF36000A10A4D /* Images.xcassets in Resources */ = {isa = PBXBuildFile; fileRef = 6C478F421B4EF36000A10A4D /* Images.xcassets */; };
		6C478F461B4EF36000A10A4D /* LaunchScreen.xib in Resources */ = {isa = PBXBuildFile; fileRef = 6C478F441B4EF36000A10A4D /* LaunchScreen.xib */; };
		6C478F521B4EF36000A10A4D /* TesterTests.swift in Sources */ = {isa = PBXBuildFile; fileRef = 6C478F511B4EF36000A10A4D /* TesterTests.swift */; };
/* End PBXBuildFile section */

/* Begin PBXContainerItemProxy section */
		6C478F4C1B4EF36000A10A4D /* PBXContainerItemProxy */ = {
			isa = PBXContainerItemProxy;
			containerPortal = 6C478F2E1B4EF36000A10A4D /* Project object */;
			proxyType = 1;
			remoteGlobalIDString = 6C478F351B4EF36000A10A4D;
			remoteInfo = Tester;
		};
/* End PBXContainerItemProxy section */

/* Begin PBXFileReference section */
		6C478F361B4EF36000A10A4D /* Tester.app */ = {isa = PBXFileReference; explicitFileType = wrapper.application; includeInIndex = 0; path = Tester.app; sourceTree = BUILT_PRODUCTS_DIR; };
		6C478F3A1B4EF36000A10A4D /* Info.plist */ = {isa = PBXFileReference; lastKnownFileType = text.plist.xml; path = Info.plist; sourceTree = "<group>"; };
		6C478F3B1B4EF36000A10A4D /* AppDelegate.swift */ = {isa = PBXFileReference; lastKnownFileType = sourcecode.swift; path = AppDelegate.swift; sourceTree = "<group>"; };
		6C478F3D1B4EF36000A10A4D /* ViewController.swift */ = {isa = PBXFileReference; lastKnownFileType = sourcecode.swift; path = ViewController.swift; sourceTree = "<group>"; };
		6C478F401B4EF36000A10A4D /* Base */ = {isa = PBXFileReference; lastKnownFileType = file.storyboard; name = Base; path = Base.lproj/Main.storyboard; sourceTree = "<group>"; };
		6C478F421B4EF36000A10A4D /* Images.xcassets */ = {isa = PBXFileReference; lastKnownFileType = folder.assetcatalog; path = Images.xcassets; sourceTree = "<group>"; };
		6C478F451B4EF36000A10A4D /* Base */ = {isa = PBXFileReference; lastKnownFileType = file.xib; name = Base; path = Base.lproj/LaunchScreen.xib; sourceTree = "<group>"; };
		6C478F4B1B4EF36000A10A4D /* TesterTests.xctest */ = {isa = PBXFileReference; explicitFileType = wrapper.cfbundle; includeInIndex = 0; path = TesterTests.xctest; sourceTree = BUILT_PRODUCTS_DIR; };
		6C478F501B4EF36000A10A4D /* Info.plist */ = {isa = PBXFileReference; lastKnownFileType = text.plist.xml; path = Info.plist; sourceTree = "<group>"; };
		6C478F511B4EF36000A10A4D /* TesterTests.swift */ = {isa = PBXFileReference; lastKnownFileType = sourcecode.swift; path = TesterTests.swift; sourceTree = "<group>"; };
/* End PBXFileReference section */

/* Begin PBXFrameworksBuildPhase section */
		6C478F331B4EF36000A10A4D /* Frameworks */ = {
			isa = PBXFrameworksBuildPhase;
			buildActionMask = 2147483647;
			files = (
			);
			runOnlyForDeploymentPostprocessing = 0;
		};
		6C478F481B4EF36000A10A4D /* Frameworks */ = {
			isa = PBXFrameworksBuildPhase;
			buildActionMask = 2147483647;
			files = (
			);
			runOnlyForDeploymentPostprocessing = 0;
		};
/* End PBXFrameworksBuildPhase section */

/* Begin PBXGroup section */
		6C478F2D1B4EF36000A10A4D = {
			isa = PBXGroup;
			children = (
				6C478F381B4EF36000A10A4D /* Tester */,
				6C478F4E1B4EF36000A10A4D /* TesterTests */,
				6C478F371B4EF36000A10A4D /* Products */,
			);
			sourceTree = "<group>";
		};
		6C478F371B4EF36000A10A4D /* Products */ = {
			isa = PBXGroup;
			children = (
				6C478F361B4EF36000A10A4D /* Tester.app */,
				6C478F4B1B4EF36000A10A4D /* TesterTests.xctest */,
			);
			name = Products;
			sourceTree = "<group>";
		};
		6C478F381B4EF36000A10A4D /* Tester */ = {
			isa = PBXGroup;
			children = (
				6C478F3B1B4EF36000A10A4D /* AppDelegate.swift */,
				6C478F3D1B4EF36000A10A4D /* ViewController.swift */,
				6C478F3F1B4EF36000A10A4D /* Main.storyboard */,
				6C478F421B4EF36000A10A4D /* Images.xcassets */,
				6C478F441B4EF36000A10A4D /* LaunchScreen.xib */,
				6C478F391B4EF36000A10A4D /* Supporting Files */,
			);
			path = Tester;
			sourceTree = "<group>";
		};
		6C478F391B4EF36000A10A4D /* Supporting Files */ = {
			isa = PBXGroup;
			children = (
				6C478F3A1B4EF36000A10A4D /* Info.plist */,
			);
			name = "Supporting Files";
			sourceTree = "<group>";
		};
		6C478F4E1B4EF36000A10A4D /* TesterTests */ = {
			isa = PBXGroup;
			children = (
				6C478F511B4EF36000A10A4D /* TesterTests.swift */,
				6C478F4F1B4EF36000A10A4D /* Supporting Files */,
			);
			path = TesterTests;
			sourceTree = "<group>";
		};
		6C478F4F1B4EF36000A10A4D /* Supporting Files */ = {
			isa = PBXGroup;
			children = (
				6C478F501B4EF36000A10A4D /* Info.plist */,
			);
			name = "Supporting Files";
			sourceTree = "<group>";
		};
/* End PBXGroup section */

/* Begin PBXNativeTarget section */
		6C478F351B4EF36000A10A4D /* Tester */ = {
			isa = PBXNativeTarget;
			buildConfigurationList = 6C478F551B4EF36000A10A4D /* Build configuration list for PBXNativeTarget "Tester" */;
			buildPhases = (
				6C478F321B4EF36000A10A4D /* Sources */,
				6C478F331B4EF36000A10A4D /* Frameworks */,
				6C478F341B4EF36000A10A4D /* Resources */,
			);
			buildRules = (
			);
			dependencies = (
			);
			name = Tester;
			productName = Tester;
			productReference = 6C478F361B4EF36000A10A4D /* Tester.app */;
			productType = "com.apple.product-type.application";
		};
		6C478F4A1B4EF36000A10A4D /* TesterTests */ = {
			isa = PBXNativeTarget;
			buildConfigurationList = 6C478F581B4EF36000A10A4D /* Build configuration list for PBXNativeTarget "TesterTests" */;
			buildPhases = (
				6C478F471B4EF36000A10A4D /* Sources */,
				6C478F481B4EF36000A10A4D /* Frameworks */,
				6C478F491B4EF36000A10A4D /* Resources */,
			);
			buildRules = (
			);
			dependencies = (
				6C478F4D1B4EF36000A10A4D /* PBXTargetDependency */,
			);
			name = TesterTests;
			productName = TesterTests;
			productReference = 6C478F4B1B4EF36000A10A4D /* TesterTests.xctest */;
			productType = "com.apple.product-type.bundle.unit-test";
		};
/* End PBXNativeTarget section */

/* Begin PBXProject section */
		6C478F2E1B4EF36000A10A4D /* Project object */ = {
			isa = PBXProject;
			attributes = {
				LastUpgradeCheck = 0640;
				ORGANIZATIONNAME = "Touchopia LLC";
				TargetAttributes = {
					6C478F351B4EF36000A10A4D = {
						CreatedOnToolsVersion = 6.4;
					};
					6C478F4A1B4EF36000A10A4D = {
						CreatedOnToolsVersion = 6.4;
						TestTargetID = 6C478F351B4EF36000A10A4D;
					};
				};
			};
			buildConfigurationList = 6C478F311B4EF36000A10A4D /* Build configuration list for PBXProject "Tester" */;
			compatibilityVersion = "Xcode 3.2";
			developmentRegion = English;
			hasScannedForEncodings = 0;
			knownRegions = (
				en,
				Base,
			);
			mainGroup = 6C478F2D1B4EF36000A10A4D;
			productRefGroup = 6C478F371B4EF36000A10A4D /* Products */;
			projectDirPath = "";
			projectRoot = "";
			targets = (
				6C478F351B4EF36000A10A4D /* Tester */,
				6C478F4A1B4EF36000A10A4D /* TesterTests */,
			);
		};
/* End PBXProject section */

/* Begin PBXResourcesBuildPhase section */
		6C478F341B4EF36000A10A4D /* Resources */ = {
			isa = PBXResourcesBuildPhase;
			buildActionMask = 2147483647;
			files = (
				6C478F411B4EF36000A10A4D /* Main.storyboard in Resources */,
				6C478F461B4EF36000A10A4D /* LaunchScreen.xib in Resources */,
				6C478F431B4EF36000A10A4D /* Images.xcassets in Resources */,
			);
			runOnlyForDeploymentPostprocessing = 0;
		};
		6C478F491B4EF36000A10A4D /* Resources */ = {
			isa = PBXResourcesBuildPhase;
			buildActionMask = 2147483647;
			files = (
			);
			runOnlyForDeploymentPostprocessing = 0;
		};
/* End PBXResourcesBuildPhase section */

/* Begin PBXSourcesBuildPhase section */
		6C478F321B4EF36000A10A4D /* Sources */ = {
			isa = PBXSourcesBuildPhase;
			buildActionMask = 2147483647;
			files = (
				6C478F3E1B4EF36000A10A4D /* ViewController.swift in Sources */,
				6C478F3C1B4EF36000A10A4D /* AppDelegate.swift in Sources */,
			);
			runOnlyForDeploymentPostprocessing = 0;
		};
		6C478F471B4EF36000A10A4D /* Sources */ = {
			isa = PBXSourcesBuildPhase;
			buildActionMask = 2147483647;
			files = (
				6C478F521B4EF36000A10A4D /* TesterTests.swift in Sources */,
			);
			runOnlyForDeploymentPostprocessing = 0;
		};
/* End PBXSourcesBuildPhase section */

/* Begin PBXTargetDependency section */
		6C478F4D1B4EF36000A10A4D /* PBXTargetDependency */ = {
			isa = PBXTargetDependency;
			target = 6C478F351B4EF36000A10A4D /* Tester */;
			targetProxy = 6C478F4C1B4EF36000A10A4D /* PBXContainerItemProxy */;
		};
/* End PBXTargetDependency section */

/* Begin PBXVariantGroup section */
		6C478F3F1B4EF36000A10A4D /* Main.storyboard */ = {
			isa = PBXVariantGroup;
			children = (
				6C478F401B4EF36000A10A4D /* Base */,
			);
			name = Main.storyboard;
			sourceTree = "<group>";
		};
		6C478F441B4EF36000A10A4D /* LaunchScreen.xib */ = {
			isa = PBXVariantGroup;
			children = (
				6C478F451B4EF36000A10A4D /* Base */,
			);
			name = LaunchScreen.xib;
			sourceTree = "<group>";
		};
/* End PBXVariantGroup section */

/* Begin XCBuildConfiguration section */
		6C478F531B4EF36000A10A4D /* Debug */ = {
			isa = XCBuildConfiguration;
			buildSettings = {
				ALWAYS_SEARCH_USER_PATHS = NO;
				CLANG_CXX_LANGUAGE_STANDARD = "gnu++0x";
				CLANG_CXX_LIBRARY = "libc++";
				CLANG_ENABLE_MODULES = YES;
				CLANG_ENABLE_OBJC_ARC = YES;
				CLANG_WARN_BOOL_CONVERSION = YES;
				CLANG_WARN_CONSTANT_CONVERSION = YES;
				CLANG_WARN_DIRECT_OBJC_ISA_USAGE = YES_ERROR;
				CLANG_WARN_EMPTY_BODY = YES;
				CLANG_WARN_ENUM_CONVERSION = YES;
				CLANG_WARN_INT_CONVERSION = YES;
				CLANG_WARN_OBJC_ROOT_CLASS = YES_ERROR;
				CLANG_WARN_UNREACHABLE_CODE = YES;
				CLANG_WARN__DUPLICATE_METHOD_MATCH = YES;
				"CODE_SIGN_IDENTITY[sdk=iphoneos*]" = "iPhone Developer";
				COPY_PHASE_STRIP = NO;
				DEBUG_INFORMATION_FORMAT = "dwarf-with-dsym";
				ENABLE_STRICT_OBJC_MSGSEND = YES;
				GCC_C_LANGUAGE_STANDARD = gnu99;
				GCC_DYNAMIC_NO_PIC = NO;
				GCC_NO_COMMON_BLOCKS = YES;
				GCC_OPTIMIZATION_LEVEL = 0;
				GCC_PREPROCESSOR_DEFINITIONS = (
					"DEBUG=1",
					"$(inherited)",
				);
				GCC_SYMBOLS_PRIVATE_EXTERN = NO;
				GCC_WARN_64_TO_32_BIT_CONVERSION = YES;
				GCC_WARN_ABOUT_RETURN_TYPE = YES_ERROR;
				GCC_WARN_UNDECLARED_SELECTOR = YES;
				GCC_WARN_UNINITIALIZED_AUTOS = YES_AGGRESSIVE;
				GCC_WARN_UNUSED_FUNCTION = YES;
				GCC_WARN_UNUSED_VARIABLE = YES;
				IPHONEOS_DEPLOYMENT_TARGET = 8.4;
				MTL_ENABLE_DEBUG_INFO = YES;
				ONLY_ACTIVE_ARCH = YES;
				SDKROOT = iphoneos;
				SWIFT_OPTIMIZATION_LEVEL = "-Onone";
			};
			name = Debug;
		};
		6C478F541B4EF36000A10A4D /* Release */ = {
			isa = XCBuildConfiguration;
			buildSettings = {
				ALWAYS_SEARCH_USER_PATHS = NO;
				CLANG_CXX_LANGUAGE_STANDARD = "gnu++0x";
				CLANG_CXX_LIBRARY = "libc++";
				CLANG_ENABLE_MODULES = YES;
				CLANG_ENABLE_OBJC_ARC = YES;
				CLANG_WARN_BOOL_CONVERSION = YES;
				CLANG_WARN_CONSTANT_CONVERSION = YES;
				CLANG_WARN_DIRECT_OBJC_ISA_USAGE = YES_ERROR;
				CLANG_WARN_EMPTY_BODY = YES;
				CLANG_WARN_ENUM_CONVERSION = YES;
				CLANG_WARN_INT_CONVERSION = YES;
				CLANG_WARN_OBJC_ROOT_CLASS = YES_ERROR;
				CLANG_WARN_UNREACHABLE_CODE = YES;
				CLANG_WARN__DUPLICATE_METHOD_MATCH = YES;
				"CODE_SIGN_IDENTITY[sdk=iphoneos*]" = "iPhone Developer";
				COPY_PHASE_STRIP = NO;
				DEBUG_INFORMATION_FORMAT = "dwarf-with-dsym";
				ENABLE_NS_ASSERTIONS = NO;
				ENABLE_STRICT_OBJC_MSGSEND = YES;
				GCC_C_LANGUAGE_STANDARD = gnu99;
				GCC_NO_COMMON_BLOCKS = YES;
				GCC_WARN_64_TO_32_BIT_CONVERSION = YES;
				GCC_WARN_ABOUT_RETURN_TYPE = YES_ERROR;
				GCC_WARN_UNDECLARED_SELECTOR = YES;
				GCC_WARN_UNINITIALIZED_AUTOS = YES_AGGRESSIVE;
				GCC_WARN_UNUSED_FUNCTION = YES;
				GCC_WARN_UNUSED_VARIABLE = YES;
				IPHONEOS_DEPLOYMENT_TARGET = 8.4;
				MTL_ENABLE_DEBUG_INFO = NO;
				SDKROOT = iphoneos;
				VALIDATE_PRODUCT = YES;
			};
			name = Release;
		};
		6C478F561B4EF36000A10A4D /* Debug */ = {
			isa = XCBuildConfiguration;
			buildSettings = {
				ASSETCATALOG_COMPILER_APPICON_NAME = AppIcon;
				INFOPLIST_FILE = Tester/Info.plist;
				LD_RUNPATH_SEARCH_PATHS = "$(inherited) @executable_path/Frameworks";
				PRODUCT_NAME = "$(TARGET_NAME)";
			};
			name = Debug;
		};
		6C478F571B4EF36000A10A4D /* Release */ = {
			isa = XCBuildConfiguration;
			buildSettings = {
				ASSETCATALOG_COMPILER_APPICON_NAME = AppIcon;
				INFOPLIST_FILE = Tester/Info.plist;
				LD_RUNPATH_SEARCH_PATHS = "$(inherited) @executable_path/Frameworks";
				PRODUCT_NAME = "$(TARGET_NAME)";
			};
			name = Release;
		};
		6C478F591B4EF36000A10A4D /* Debug */ = {
			isa = XCBuildConfiguration;
			buildSettings = {
				BUNDLE_LOADER = "$(TEST_HOST)";
				FRAMEWORK_SEARCH_PATHS = (
					"$(SDKROOT)/Developer/Library/Frameworks",
					"$(inherited)",
				);
				GCC_PREPROCESSOR_DEFINITIONS = (
					"DEBUG=1",
					"$(inherited)",
				);
				INFOPLIST_FILE = TesterTests/Info.plist;
				LD_RUNPATH_SEARCH_PATHS = "$(inherited) @executable_path/Frameworks @loader_path/Frameworks";
				PRODUCT_NAME = "$(TARGET_NAME)";
				TEST_HOST = "$(BUILT_PRODUCTS_DIR)/Tester.app/Tester";
			};
			name = Debug;
		};
		6C478F5A1B4EF36000A10A4D /* Release */ = {
			isa = XCBuildConfiguration;
			buildSettings = {
				BUNDLE_LOADER = "$(TEST_HOST)";
				FRAMEWORK_SEARCH_PATHS = (
					"$(SDKROOT)/Developer/Library/Frameworks",
					"$(inherited)",
				);
				INFOPLIST_FILE = TesterTests/Info.plist;
				LD_RUNPATH_SEARCH_PATHS = "$(inherited) @executable_path/Frameworks @loader_path/Frameworks";
				PRODUCT_NAME = "$(TARGET_NAME)";
				TEST_HOST = "$(BUILT_PRODUCTS_DIR)/Tester.app/Tester";
			};
			name = Release;
		};
/* End XCBuildConfiguration section */

/* Begin XCConfigurationList section */
		6C478F311B4EF36000A10A4D /* Build configuration list for PBXProject "Tester" */ = {
			isa = XCConfigurationList;
			buildConfigurations = (
				6C478F531B4EF36000A10A4D /* Debug */,
				6C478F541B4EF36000A10A4D /* Release */,
			);
			defaultConfigurationIsVisible = 0;
			defaultConfigurationName = Release;
		};
		6C478F551B4EF36000A10A4D /* Build configuration list for PBXNativeTarget "Tester" */ = {
			isa = XCConfigurationList;
			buildConfigurations = (
				6C478F561B4EF36000A10A4D /* Debug */,
				6C478F571B4EF36000A10A4D /* Release */,
			);
			defaultConfigurationIsVisible = 0;
		};
		6C478F581B4EF36000A10A4D /* Build configuration list for PBXNativeTarget "TesterTests" */ = {
			isa = XCConfigurationList;
			buildConfigurations = (
				6C478F591B4EF36000A10A4D /* Debug */,
				6C478F5A1B4EF36000A10A4D /* Release */,
			);
			defaultConfigurationIsVisible = 0;
		};
/* End XCConfigurationList section */
	};
	rootObject = 6C478F2E1B4EF36000A10A4D /* Project object */;
}
